
Microsoft Visual Studio Solution File, Format Version 12.00
# Visual Studio Version 17
VisualStudioVersion = 17.4.33205.214
MinimumVisualStudioVersion = 10.0.40219.1
Project("{FAE04EC0-301F-11D3-BF4B-00C04F79EFBC}") = "xadrez_console", "xadrez_console\xadrez_console.csproj", "{C8E038FE-2DC5-40D6-83DA-A464A8BD78D7}"
EndProject
Global
	GlobalSection(SolutionConfigurationPlatforms) = preSolution
		Debug|Any CPU = Debug|Any CPU
		Release|Any CPU = Release|Any CPU
	EndGlobalSection
	GlobalSection(ProjectConfigurationPlatforms) = postSolution
		{C8E038FE-2DC5-40D6-83DA-A464A8BD78D7}.Debug|Any CPU.ActiveCfg = Debug|Any CPU
		{C8E038FE-2DC5-40D6-83DA-A464A8BD78D7}.Debug|Any CPU.Build.0 = Debug|Any CPU
		{C8E038FE-2DC5-40D6-83DA-A464A8BD78D7}.Release|Any CPU.ActiveCfg = Release|Any CPU
		{C8E038FE-2DC5-40D6-83DA-A464A8BD78D7}.Release|Any CPU.Build.0 = Release|Any CPU
	EndGlobalSection
	GlobalSection(SolutionProperties) = preSolution
		HideSolutionNode = FALSE
	EndGlobalSection
	GlobalSection(ExtensibilityGlobals) = postSolution
		SolutionGuid = {AF27AA3D-D18B-43BF-AB30-7780C67E4148}
	EndGlobalSection
EndGlobal
